
Microsoft Visual Studio Solution File, Format Version 9.00
# Visual Studio 2005
Project("{F184B08F-C81C-45F6-A57F-5ABD9991F28F}") = "prj13_FormataDLL", "prj13_FormataDLL\prj13_FormataDLL.vbproj", "{714AD706-EF45-4BF9-B58F-818AF35B03ED}"
EndProject
Global
	GlobalSection(SolutionConfigurationPlatforms) = preSolution
		Debug|Any CPU = Debug|Any CPU
		Release|Any CPU = Release|Any CPU
	EndGlobalSection
	GlobalSection(ProjectConfigurationPlatforms) = postSolution
		{714AD706-EF45-4BF9-B58F-818AF35B03ED}.Debug|Any CPU.ActiveCfg = Debug|Any CPU
		{714AD706-EF45-4BF9-B58F-818AF35B03ED}.Debug|Any CPU.Build.0 = Debug|Any CPU
		{714AD706-EF45-4BF9-B58F-818AF35B03ED}.Release|Any CPU.ActiveCfg = Release|Any CPU
		{714AD706-EF45-4BF9-B58F-818AF35B03ED}.Release|Any CPU.Build.0 = Release|Any CPU
	EndGlobalSection
	GlobalSection(SolutionProperties) = preSolution
		HideSolutionNode = FALSE
	EndGlobalSection
EndGlobal
