
Microsoft Visual Studio Solution File, Format Version 10.00
# Visual Studio 2008
Project("{F184B08F-C81C-45F6-A57F-5ABD9991F28F}") = "prjCapitulo_04", "prjCapitulo_04\prjCapitulo_04.vbproj", "{672AA358-0FBE-49AD-A406-E1081E7614BF}"
EndProject
Global
	GlobalSection(SolutionConfigurationPlatforms) = preSolution
		Debug|Any CPU = Debug|Any CPU
		Release|Any CPU = Release|Any CPU
	EndGlobalSection
	GlobalSection(ProjectConfigurationPlatforms) = postSolution
		{672AA358-0FBE-49AD-A406-E1081E7614BF}.Debug|Any CPU.ActiveCfg = Debug|Any CPU
		{672AA358-0FBE-49AD-A406-E1081E7614BF}.Debug|Any CPU.Build.0 = Debug|Any CPU
		{672AA358-0FBE-49AD-A406-E1081E7614BF}.Release|Any CPU.ActiveCfg = Release|Any CPU
		{672AA358-0FBE-49AD-A406-E1081E7614BF}.Release|Any CPU.Build.0 = Release|Any CPU
	EndGlobalSection
	GlobalSection(SolutionProperties) = preSolution
		HideSolutionNode = FALSE
	EndGlobalSection
EndGlobal
