
Microsoft Visual Studio Solution File, Format Version 10.00
# Visual Studio 2008
Project("{FAE04EC0-301F-11D3-BF4B-00C04F79EFBC}") = "Capitulo02_Laboratorio01", "Capitulo02_Laboratorio01\Capitulo02_Laboratorio01.csproj", "{660839CC-CD28-4FE2-93DA-657F0DF62DFC}"
EndProject
Global
	GlobalSection(SolutionConfigurationPlatforms) = preSolution
		Debug|Any CPU = Debug|Any CPU
		Release|Any CPU = Release|Any CPU
	EndGlobalSection
	GlobalSection(ProjectConfigurationPlatforms) = postSolution
		{660839CC-CD28-4FE2-93DA-657F0DF62DFC}.Debug|Any CPU.ActiveCfg = Debug|Any CPU
		{660839CC-CD28-4FE2-93DA-657F0DF62DFC}.Debug|Any CPU.Build.0 = Debug|Any CPU
		{660839CC-CD28-4FE2-93DA-657F0DF62DFC}.Release|Any CPU.ActiveCfg = Release|Any CPU
		{660839CC-CD28-4FE2-93DA-657F0DF62DFC}.Release|Any CPU.Build.0 = Release|Any CPU
	EndGlobalSection
	GlobalSection(SolutionProperties) = preSolution
		HideSolutionNode = FALSE
	EndGlobalSection
EndGlobal
