
Microsoft Visual Studio Solution File, Format Version 10.00
# Visual Studio 2008
Project("{F184B08F-C81C-45F6-A57F-5ABD9991F28F}") = "Capitulo01_Laboratorio01", "Capitulo01_Laboratorio01\Capitulo01_Laboratorio01.vbproj", "{9B513150-DD7C-4F1A-9959-95CB93DA8739}"
EndProject
Global
	GlobalSection(SolutionConfigurationPlatforms) = preSolution
		Debug|Any CPU = Debug|Any CPU
		Release|Any CPU = Release|Any CPU
	EndGlobalSection
	GlobalSection(ProjectConfigurationPlatforms) = postSolution
		{9B513150-DD7C-4F1A-9959-95CB93DA8739}.Debug|Any CPU.ActiveCfg = Debug|Any CPU
		{9B513150-DD7C-4F1A-9959-95CB93DA8739}.Debug|Any CPU.Build.0 = Debug|Any CPU
		{9B513150-DD7C-4F1A-9959-95CB93DA8739}.Release|Any CPU.ActiveCfg = Release|Any CPU
		{9B513150-DD7C-4F1A-9959-95CB93DA8739}.Release|Any CPU.Build.0 = Release|Any CPU
	EndGlobalSection
	GlobalSection(SolutionProperties) = preSolution
		HideSolutionNode = FALSE
	EndGlobalSection
EndGlobal
