
Microsoft Visual Studio Solution File, Format Version 10.00
# Visual Studio 2008
Project("{F184B08F-C81C-45F6-A57F-5ABD9991F28F}") = "prjCapitulo_06", "prjCapitulo_06\prjCapitulo_06.vbproj", "{53AC5FD6-524A-4059-854B-5BB35B686A24}"
EndProject
Global
	GlobalSection(SolutionConfigurationPlatforms) = preSolution
		Debug|Any CPU = Debug|Any CPU
		Release|Any CPU = Release|Any CPU
	EndGlobalSection
	GlobalSection(ProjectConfigurationPlatforms) = postSolution
		{53AC5FD6-524A-4059-854B-5BB35B686A24}.Debug|Any CPU.ActiveCfg = Debug|Any CPU
		{53AC5FD6-524A-4059-854B-5BB35B686A24}.Debug|Any CPU.Build.0 = Debug|Any CPU
		{53AC5FD6-524A-4059-854B-5BB35B686A24}.Release|Any CPU.ActiveCfg = Release|Any CPU
		{53AC5FD6-524A-4059-854B-5BB35B686A24}.Release|Any CPU.Build.0 = Release|Any CPU
	EndGlobalSection
	GlobalSection(SolutionProperties) = preSolution
		HideSolutionNode = FALSE
	EndGlobalSection
EndGlobal
