
Microsoft Visual Studio Solution File, Format Version 10.00
# Visual Studio 2008
Project("{F184B08F-C81C-45F6-A57F-5ABD9991F28F}") = "prjLINQtoSQL", "prjLINQtoSQL\prjLINQtoSQL.vbproj", "{AA7EEDB9-589C-46A4-B05B-5FD737143FD9}"
EndProject
Global
	GlobalSection(SolutionConfigurationPlatforms) = preSolution
		Debug|Any CPU = Debug|Any CPU
		Release|Any CPU = Release|Any CPU
	EndGlobalSection
	GlobalSection(ProjectConfigurationPlatforms) = postSolution
		{AA7EEDB9-589C-46A4-B05B-5FD737143FD9}.Debug|Any CPU.ActiveCfg = Debug|Any CPU
		{AA7EEDB9-589C-46A4-B05B-5FD737143FD9}.Debug|Any CPU.Build.0 = Debug|Any CPU
		{AA7EEDB9-589C-46A4-B05B-5FD737143FD9}.Release|Any CPU.ActiveCfg = Release|Any CPU
		{AA7EEDB9-589C-46A4-B05B-5FD737143FD9}.Release|Any CPU.Build.0 = Release|Any CPU
	EndGlobalSection
	GlobalSection(SolutionProperties) = preSolution
		HideSolutionNode = FALSE
	EndGlobalSection
EndGlobal
