
Microsoft Visual Studio Solution File, Format Version 10.00
# Visual Studio 2008
Project("{FAE04EC0-301F-11D3-BF4B-00C04F79EFBC}") = "Capitulo07_Laboratorio01", "Capitulo07_Laboratorio01\Capitulo07_Laboratorio01.csproj", "{B2E2BED9-E4B8-48D1-A4AA-1A14CA2B779E}"
EndProject
Global
	GlobalSection(SolutionConfigurationPlatforms) = preSolution
		Debug|Any CPU = Debug|Any CPU
		Release|Any CPU = Release|Any CPU
	EndGlobalSection
	GlobalSection(ProjectConfigurationPlatforms) = postSolution
		{B2E2BED9-E4B8-48D1-A4AA-1A14CA2B779E}.Debug|Any CPU.ActiveCfg = Debug|Any CPU
		{B2E2BED9-E4B8-48D1-A4AA-1A14CA2B779E}.Debug|Any CPU.Build.0 = Debug|Any CPU
		{B2E2BED9-E4B8-48D1-A4AA-1A14CA2B779E}.Release|Any CPU.ActiveCfg = Release|Any CPU
		{B2E2BED9-E4B8-48D1-A4AA-1A14CA2B779E}.Release|Any CPU.Build.0 = Release|Any CPU
	EndGlobalSection
	GlobalSection(SolutionProperties) = preSolution
		HideSolutionNode = FALSE
	EndGlobalSection
EndGlobal
