
Microsoft Visual Studio Solution File, Format Version 10.00
# Visual Studio 2008
Project("{FAE04EC0-301F-11D3-BF4B-00C04F79EFBC}") = "WindowsService1", "WindowsService1\WindowsService1.csproj", "{10505124-6BF3-45D0-9776-9E86FDA21FE6}"
EndProject
Global
	GlobalSection(SolutionConfigurationPlatforms) = preSolution
		Debug|Any CPU = Debug|Any CPU
		Release|Any CPU = Release|Any CPU
	EndGlobalSection
	GlobalSection(ProjectConfigurationPlatforms) = postSolution
		{10505124-6BF3-45D0-9776-9E86FDA21FE6}.Debug|Any CPU.ActiveCfg = Debug|Any CPU
		{10505124-6BF3-45D0-9776-9E86FDA21FE6}.Debug|Any CPU.Build.0 = Debug|Any CPU
		{10505124-6BF3-45D0-9776-9E86FDA21FE6}.Release|Any CPU.ActiveCfg = Release|Any CPU
		{10505124-6BF3-45D0-9776-9E86FDA21FE6}.Release|Any CPU.Build.0 = Release|Any CPU
	EndGlobalSection
	GlobalSection(SolutionProperties) = preSolution
		HideSolutionNode = FALSE
	EndGlobalSection
EndGlobal
