
Microsoft Visual Studio Solution File, Format Version 10.00
# Visual Studio 2008
Project("{FAE04EC0-301F-11D3-BF4B-00C04F79EFBC}") = "Capitulo06_Laboratorio01", "Capitulo06_Laboratorio01\Capitulo06_Laboratorio01.csproj", "{B01D145B-2FC1-4CCC-8432-8B28347EAA2A}"
EndProject
Global
	GlobalSection(SolutionConfigurationPlatforms) = preSolution
		Debug|Any CPU = Debug|Any CPU
		Release|Any CPU = Release|Any CPU
	EndGlobalSection
	GlobalSection(ProjectConfigurationPlatforms) = postSolution
		{B01D145B-2FC1-4CCC-8432-8B28347EAA2A}.Debug|Any CPU.ActiveCfg = Debug|Any CPU
		{B01D145B-2FC1-4CCC-8432-8B28347EAA2A}.Debug|Any CPU.Build.0 = Debug|Any CPU
		{B01D145B-2FC1-4CCC-8432-8B28347EAA2A}.Release|Any CPU.ActiveCfg = Release|Any CPU
		{B01D145B-2FC1-4CCC-8432-8B28347EAA2A}.Release|Any CPU.Build.0 = Release|Any CPU
	EndGlobalSection
	GlobalSection(SolutionProperties) = preSolution
		HideSolutionNode = FALSE
	EndGlobalSection
EndGlobal
