
Microsoft Visual Studio Solution File, Format Version 10.00
# Visual Studio 2008
Project("{FAE04EC0-301F-11D3-BF4B-00C04F79EFBC}") = "MessageBoxes", "MessageBoxes\MessageBoxes.csproj", "{800BA13A-95CA-476A-83C9-A6BCD96BFCCB}"
EndProject
Global
	GlobalSection(SolutionConfigurationPlatforms) = preSolution
		Debug|Any CPU = Debug|Any CPU
		Release|Any CPU = Release|Any CPU
	EndGlobalSection
	GlobalSection(ProjectConfigurationPlatforms) = postSolution
		{800BA13A-95CA-476A-83C9-A6BCD96BFCCB}.Debug|Any CPU.ActiveCfg = Debug|Any CPU
		{800BA13A-95CA-476A-83C9-A6BCD96BFCCB}.Debug|Any CPU.Build.0 = Debug|Any CPU
		{800BA13A-95CA-476A-83C9-A6BCD96BFCCB}.Release|Any CPU.ActiveCfg = Release|Any CPU
		{800BA13A-95CA-476A-83C9-A6BCD96BFCCB}.Release|Any CPU.Build.0 = Release|Any CPU
	EndGlobalSection
	GlobalSection(SolutionProperties) = preSolution
		HideSolutionNode = FALSE
	EndGlobalSection
EndGlobal
